
Microsoft Visual Studio Solution File, Format Version 12.00
# Visual Studio Version 17
VisualStudioVersion = 17.0.31903.59
MinimumVisualStudioVersion = 10.0.40219.1
Project("{FAE04EC0-301F-11D3-BF4B-00C04F79EFBC}") = "ConsoleApp1", "ConsoleApp1\ConsoleApp1.csproj", "{92CF5E55-C53C-4837-87A9-B37322E4052B}"
EndProject
Global
	GlobalSection(SolutionConfigurationPlatforms) = preSolution
		Debug|Any CPU = Debug|Any CPU
		Release|Any CPU = Release|Any CPU
	EndGlobalSection
	GlobalSection(SolutionProperties) = preSolution
		HideSolutionNode = FALSE
	EndGlobalSection
	GlobalSection(ProjectConfigurationPlatforms) = postSolution
		{92CF5E55-C53C-4837-87A9-B37322E4052B}.Debug|Any CPU.ActiveCfg = Debug|Any CPU
		{92CF5E55-C53C-4837-87A9-B37322E4052B}.Debug|Any CPU.Build.0 = Debug|Any CPU
		{92CF5E55-C53C-4837-87A9-B37322E4052B}.Release|Any CPU.ActiveCfg = Release|Any CPU
		{92CF5E55-C53C-4837-87A9-B37322E4052B}.Release|Any CPU.Build.0 = Release|Any CPU
	EndGlobalSection
EndGlobal
